
Microsoft Visual Studio Solution File, Format Version 12.00
# Visual Studio Version 16
VisualStudioVersion = 16.0.31624.102
MinimumVisualStudioVersion = 10.0.40219.1
Project("{FAE04EC0-301F-11D3-BF4B-00C04F79EFBC}") = "Cars", "Cars\Cars.csproj", "{DCE22B98-9ABB-42A5-A420-395E78580127}"
EndProject
Project("{FAE04EC0-301F-11D3-BF4B-00C04F79EFBC}") = "TestsCars", "TestsCars\TestsCars.csproj", "{453BA175-9B00-4E48-A017-E364B38D4B4A}"
EndProject
Project("{2150E333-8FDC-42A3-9474-1A3956D46DE8}") = "Solution Items", "Solution Items", "{5ED38D25-1DA3-4F3F-85D5-D9B146E876D5}"
	ProjectSection(SolutionItems) = preProject
		Data.sql = Data.sql
		DataBase.sql = DataBase.sql
		Query.sql = Query.sql
	EndProjectSection
EndProject
Global
	GlobalSection(SolutionConfigurationPlatforms) = preSolution
		Debug|Any CPU = Debug|Any CPU
		Release|Any CPU = Release|Any CPU
	EndGlobalSection
	GlobalSection(ProjectConfigurationPlatforms) = postSolution
		{DCE22B98-9ABB-42A5-A420-395E78580127}.Debug|Any CPU.ActiveCfg = Debug|Any CPU
		{DCE22B98-9ABB-42A5-A420-395E78580127}.Debug|Any CPU.Build.0 = Debug|Any CPU
		{DCE22B98-9ABB-42A5-A420-395E78580127}.Release|Any CPU.ActiveCfg = Release|Any CPU
		{DCE22B98-9ABB-42A5-A420-395E78580127}.Release|Any CPU.Build.0 = Release|Any CPU
		{453BA175-9B00-4E48-A017-E364B38D4B4A}.Debug|Any CPU.ActiveCfg = Debug|Any CPU
		{453BA175-9B00-4E48-A017-E364B38D4B4A}.Debug|Any CPU.Build.0 = Debug|Any CPU
		{453BA175-9B00-4E48-A017-E364B38D4B4A}.Release|Any CPU.ActiveCfg = Release|Any CPU
		{453BA175-9B00-4E48-A017-E364B38D4B4A}.Release|Any CPU.Build.0 = Release|Any CPU
	EndGlobalSection
	GlobalSection(SolutionProperties) = preSolution
		HideSolutionNode = FALSE
	EndGlobalSection
	GlobalSection(ExtensibilityGlobals) = postSolution
		SolutionGuid = {9E4F5912-020D-4044-AA76-B824C5672950}
	EndGlobalSection
EndGlobal
